// !$*UTF8*$!
{
	archiveVersion = 1;
	classes = {
	};
	objectVersion = 50;
	objects = {

/* Begin PBXBuildFile section */
		45474EF0236BDE6600BC9108 /* AppDelegate.m in Sources */ = {isa = PBXBuildFile; fileRef = 45474EEF236BDE6600BC9108 /* AppDelegate.m */; };
		45474EF3236BDE6600BC9108 /* SceneDelegate.m in Sources */ = {isa = PBXBuildFile; fileRef = 45474EF2236BDE6600BC9108 /* SceneDelegate.m */; };
		45474EF6236BDE6600BC9108 /* ViewController.m in Sources */ = {isa = PBXBuildFile; fileRef = 45474EF5236BDE6600BC9108 /* ViewController.m */; };
		45474EF9236BDE6600BC9108 /* Main.storyboard in Resources */ = {isa = PBXBuildFile; fileRef = 45474EF7236BDE6600BC9108 /* Main.storyboard */; };
		45474EFB236BDE6900BC9108 /* Assets.xcassets in Resources */ = {isa = PBXBuildFile; fileRef = 45474EFA236BDE6900BC9108 /* Assets.xcassets */; };
		45474EFE236BDE6900BC9108 /* LaunchScreen.storyboard in Resources */ = {isa = PBXBuildFile; fileRef = 45474EFC236BDE6900BC9108 /* LaunchScreen.storyboard */; };
		45474F01236BDE6900BC9108 /* main.m in Sources */ = {isa = PBXBuildFile; fileRef = 45474F00236BDE6900BC9108 /* main.m */; };
		45474F13236BDFD600BC9108 /* UIView+YQBFrame.m in Sources */ = {isa = PBXBuildFile; fileRef = 45474F09236BDFD600BC9108 /* UIView+YQBFrame.m */; };
		45474F14236BDFD600BC9108 /* YQBTitleCollectionViewCell.m in Sources */ = {isa = PBXBuildFile; fileRef = 45474F0A236BDFD600BC9108 /* YQBTitleCollectionViewCell.m */; };
		45474F15236BDFD600BC9108 /* UITableView+ConvenienceMethod.m in Sources */ = {isa = PBXBuildFile; fileRef = 45474F0B236BDFD600BC9108 /* UITableView+ConvenienceMethod.m */; };
		45474F16236BDFD600BC9108 /* YQBTitleCollectionViewCell.xib in Resources */ = {isa = PBXBuildFile; fileRef = 45474F0D236BDFD600BC9108 /* YQBTitleCollectionViewCell.xib */; };
		45474F17236BDFD600BC9108 /* YQBPageScrollView.m in Sources */ = {isa = PBXBuildFile; fileRef = 45474F0F236BDFD600BC9108 /* YQBPageScrollView.m */; };
		45474F18236BDFD600BC9108 /* YQBTitleModel.m in Sources */ = {isa = PBXBuildFile; fileRef = 45474F11236BDFD600BC9108 /* YQBTitleModel.m */; };
/* End PBXBuildFile section */

/* Begin PBXFileReference section */
		45474EEB236BDE6600BC9108 /* YQBPageScrollView.app */ = {isa = PBXFileReference; explicitFileType = wrapper.application; includeInIndex = 0; path = YQBPageScrollView.app; sourceTree = BUILT_PRODUCTS_DIR; };
		45474EEE236BDE6600BC9108 /* AppDelegate.h */ = {isa = PBXFileReference; lastKnownFileType = sourcecode.c.h; path = AppDelegate.h; sourceTree = "<group>"; };
		45474EEF236BDE6600BC9108 /* AppDelegate.m */ = {isa = PBXFileReference; lastKnownFileType = sourcecode.c.objc; path = AppDelegate.m; sourceTree = "<group>"; };
		45474EF1236BDE6600BC9108 /* SceneDelegate.h */ = {isa = PBXFileReference; lastKnownFileType = sourcecode.c.h; path = SceneDelegate.h; sourceTree = "<group>"; };
		45474EF2236BDE6600BC9108 /* SceneDelegate.m */ = {isa = PBXFileReference; lastKnownFileType = sourcecode.c.objc; path = SceneDelegate.m; sourceTree = "<group>"; };
		45474EF4236BDE6600BC9108 /* ViewController.h */ = {isa = PBXFileReference; lastKnownFileType = sourcecode.c.h; path = ViewController.h; sourceTree = "<group>"; };
		45474EF5236BDE6600BC9108 /* ViewController.m */ = {isa = PBXFileReference; lastKnownFileType = sourcecode.c.objc; path = ViewController.m; sourceTree = "<group>"; };
		45474EF8236BDE6600BC9108 /* Base */ = {isa = PBXFileReference; lastKnownFileType = file.storyboard; name = Base; path = Base.lproj/Main.storyboard; sourceTree = "<group>"; };
		45474EFA236BDE6900BC9108 /* Assets.xcassets */ = {isa = PBXFileReference; lastKnownFileType = folder.assetcatalog; path = Assets.xcassets; sourceTree = "<group>"; };
		45474EFD236BDE6900BC9108 /* Base */ = {isa = PBXFileReference; lastKnownFileType = file.storyboard; name = Base; path = Base.lproj/LaunchScreen.storyboard; sourceTree = "<group>"; };
		45474EFF236BDE6900BC9108 /* Info.plist */ = {isa = PBXFileReference; lastKnownFileType = text.plist.xml; path = Info.plist; sourceTree = "<group>"; };
		45474F00236BDE6900BC9108 /* main.m */ = {isa = PBXFileReference; lastKnownFileType = sourcecode.c.objc; path = main.m; sourceTree = "<group>"; };
		45474F08236BDFD600BC9108 /* YQBPageScrollView.h */ = {isa = PBXFileReference; fileEncoding = 4; lastKnownFileType = sourcecode.c.h; path = YQBPageScrollView.h; sourceTree = "<group>"; };
		45474F09236BDFD600BC9108 /* UIView+YQBFrame.m */ = {isa = PBXFileReference; fileEncoding = 4; lastKnownFileType = sourcecode.c.objc; path = "UIView+YQBFrame.m"; sourceTree = "<group>"; };
		45474F0A236BDFD600BC9108 /* YQBTitleCollectionViewCell.m */ = {isa = PBXFileReference; fileEncoding = 4; lastKnownFileType = sourcecode.c.objc; path = YQBTitleCollectionViewCell.m; sourceTree = "<group>"; };
		45474F0B236BDFD600BC9108 /* UITableView+ConvenienceMethod.m */ = {isa = PBXFileReference; fileEncoding = 4; lastKnownFileType = sourcecode.c.objc; path = "UITableView+ConvenienceMethod.m"; sourceTree = "<group>"; };
		45474F0C236BDFD600BC9108 /* YQBTitleModel.h */ = {isa = PBXFileReference; fileEncoding = 4; lastKnownFileType = sourcecode.c.h; path = YQBTitleModel.h; sourceTree = "<group>"; };
		45474F0D236BDFD600BC9108 /* YQBTitleCollectionViewCell.xib */ = {isa = PBXFileReference; fileEncoding = 4; lastKnownFileType = file.xib; path = YQBTitleCollectionViewCell.xib; sourceTree = "<group>"; };
		45474F0E236BDFD600BC9108 /* UIView+YQBFrame.h */ = {isa = PBXFileReference; fileEncoding = 4; lastKnownFileType = sourcecode.c.h; path = "UIView+YQBFrame.h"; sourceTree = "<group>"; };
		45474F0F236BDFD600BC9108 /* YQBPageScrollView.m */ = {isa = PBXFileReference; fileEncoding = 4; lastKnownFileType = sourcecode.c.objc; path = YQBPageScrollView.m; sourceTree = "<group>"; };
		45474F10236BDFD600BC9108 /* YQBTitleCollectionViewCell.h */ = {isa = PBXFileReference; fileEncoding = 4; lastKnownFileType = sourcecode.c.h; path = YQBTitleCollectionViewCell.h; sourceTree = "<group>"; };
		45474F11236BDFD600BC9108 /* YQBTitleModel.m */ = {isa = PBXFileReference; fileEncoding = 4; lastKnownFileType = sourcecode.c.objc; path = YQBTitleModel.m; sourceTree = "<group>"; };
		45474F12236BDFD600BC9108 /* UITableView+ConvenienceMethod.h */ = {isa = PBXFileReference; fileEncoding = 4; lastKnownFileType = sourcecode.c.h; path = "UITableView+ConvenienceMethod.h"; sourceTree = "<group>"; };
/* End PBXFileReference section */

/* Begin PBXFrameworksBuildPhase section */
		45474EE8236BDE6600BC9108 /* Frameworks */ = {
			isa = PBXFrameworksBuildPhase;
			buildActionMask = 2147483647;
			files = (
			);
			runOnlyForDeploymentPostprocessing = 0;
		};
/* End PBXFrameworksBuildPhase section */

/* Begin PBXGroup section */
		45474EE2236BDE6600BC9108 = {
			isa = PBXGroup;
			children = (
				45474EED236BDE6600BC9108 /* YQBPageScrollView */,
				45474EEC236BDE6600BC9108 /* Products */,
			);
			sourceTree = "<group>";
		};
		45474EEC236BDE6600BC9108 /* Products */ = {
			isa = PBXGroup;
			children = (
				45474EEB236BDE6600BC9108 /* YQBPageScrollView.app */,
			);
			name = Products;
			sourceTree = "<group>";
		};
		45474EED236BDE6600BC9108 /* YQBPageScrollView */ = {
			isa = PBXGroup;
			children = (
				45474F19236BE11000BC9108 /* 分类 */,
				45474F07236BDFD600BC9108 /* YQBPageScrollView */,
				45474EEE236BDE6600BC9108 /* AppDelegate.h */,
				45474EEF236BDE6600BC9108 /* AppDelegate.m */,
				45474EF1236BDE6600BC9108 /* SceneDelegate.h */,
				45474EF2236BDE6600BC9108 /* SceneDelegate.m */,
				45474EF4236BDE6600BC9108 /* ViewController.h */,
				45474EF5236BDE6600BC9108 /* ViewController.m */,
				45474EF7236BDE6600BC9108 /* Main.storyboard */,
				45474EFA236BDE6900BC9108 /* Assets.xcassets */,
				45474EFC236BDE6900BC9108 /* LaunchScreen.storyboard */,
				45474EFF236BDE6900BC9108 /* Info.plist */,
				45474F00236BDE6900BC9108 /* main.m */,
			);
			path = YQBPageScrollView;
			sourceTree = "<group>";
		};
		45474F07236BDFD600BC9108 /* YQBPageScrollView */ = {
			isa = PBXGroup;
			children = (
				45474F08236BDFD600BC9108 /* YQBPageScrollView.h */,
				45474F0F236BDFD600BC9108 /* YQBPageScrollView.m */,
				45474F10236BDFD600BC9108 /* YQBTitleCollectionViewCell.h */,
				45474F0A236BDFD600BC9108 /* YQBTitleCollectionViewCell.m */,
				45474F0D236BDFD600BC9108 /* YQBTitleCollectionViewCell.xib */,
				45474F0C236BDFD600BC9108 /* YQBTitleModel.h */,
				45474F11236BDFD600BC9108 /* YQBTitleModel.m */,
			);
			path = YQBPageScrollView;
			sourceTree = "<group>";
		};
		45474F19236BE11000BC9108 /* 分类 */ = {
			isa = PBXGroup;
			children = (
				45474F12236BDFD600BC9108 /* UITableView+ConvenienceMethod.h */,
				45474F0B236BDFD600BC9108 /* UITableView+ConvenienceMethod.m */,
				45474F0E236BDFD600BC9108 /* UIView+YQBFrame.h */,
				45474F09236BDFD600BC9108 /* UIView+YQBFrame.m */,
			);
			path = "分类";
			sourceTree = "<group>";
		};
/* End PBXGroup section */

/* Begin PBXNativeTarget section */
		45474EEA236BDE6600BC9108 /* YQBPageScrollView */ = {
			isa = PBXNativeTarget;
			buildConfigurationList = 45474F04236BDE6900BC9108 /* Build configuration list for PBXNativeTarget "YQBPageScrollView" */;
			buildPhases = (
				45474EE7236BDE6600BC9108 /* Sources */,
				45474EE8236BDE6600BC9108 /* Frameworks */,
				45474EE9236BDE6600BC9108 /* Resources */,
			);
			buildRules = (
			);
			dependencies = (
			);
			name = YQBPageScrollView;
			productName = YQBPageScrollView;
			productReference = 45474EEB236BDE6600BC9108 /* YQBPageScrollView.app */;
			productType = "com.apple.product-type.application";
		};
/* End PBXNativeTarget section */

/* Begin PBXProject section */
		45474EE3236BDE6600BC9108 /* Project object */ = {
			isa = PBXProject;
			attributes = {
				LastUpgradeCheck = 1110;
				ORGANIZATIONNAME = cfss;
				TargetAttributes = {
					45474EEA236BDE6600BC9108 = {
						CreatedOnToolsVersion = 11.1;
					};
				};
			};
			buildConfigurationList = 45474EE6236BDE6600BC9108 /* Build configuration list for PBXProject "YQBPageScrollView" */;
			compatibilityVersion = "Xcode 9.3";
			developmentRegion = en;
			hasScannedForEncodings = 0;
			knownRegions = (
				en,
				Base,
			);
			mainGroup = 45474EE2236BDE6600BC9108;
			productRefGroup = 45474EEC236BDE6600BC9108 /* Products */;
			projectDirPath = "";
			projectRoot = "";
			targets = (
				45474EEA236BDE6600BC9108 /* YQBPageScrollView */,
			);
		};
/* End PBXProject section */

/* Begin PBXResourcesBuildPhase section */
		45474EE9236BDE6600BC9108 /* Resources */ = {
			isa = PBXResourcesBuildPhase;
			buildActionMask = 2147483647;
			files = (
				45474F16236BDFD600BC9108 /* YQBTitleCollectionViewCell.xib in Resources */,
				45474EFE236BDE6900BC9108 /* LaunchScreen.storyboard in Resources */,
				45474EFB236BDE6900BC9108 /* Assets.xcassets in Resources */,
				45474EF9236BDE6600BC9108 /* Main.storyboard in Resources */,
			);
			runOnlyForDeploymentPostprocessing = 0;
		};
/* End PBXResourcesBuildPhase section */

/* Begin PBXSourcesBuildPhase section */
		45474EE7236BDE6600BC9108 /* Sources */ = {
			isa = PBXSourcesBuildPhase;
			buildActionMask = 2147483647;
			files = (
				45474EF6236BDE6600BC9108 /* ViewController.m in Sources */,
				45474F17236BDFD600BC9108 /* YQBPageScrollView.m in Sources */,
				45474EF0236BDE6600BC9108 /* AppDelegate.m in Sources */,
				45474F18236BDFD600BC9108 /* YQBTitleModel.m in Sources */,
				45474F14236BDFD600BC9108 /* YQBTitleCollectionViewCell.m in Sources */,
				45474F13236BDFD600BC9108 /* UIView+YQBFrame.m in Sources */,
				45474F01236BDE6900BC9108 /* main.m in Sources */,
				45474EF3236BDE6600BC9108 /* SceneDelegate.m in Sources */,
				45474F15236BDFD600BC9108 /* UITableView+ConvenienceMethod.m in Sources */,
			);
			runOnlyForDeploymentPostprocessing = 0;
		};
/* End PBXSourcesBuildPhase section */

/* Begin PBXVariantGroup section */
		45474EF7236BDE6600BC9108 /* Main.storyboard */ = {
			isa = PBXVariantGroup;
			children = (
				45474EF8236BDE6600BC9108 /* Base */,
			);
			name = Main.storyboard;
			sourceTree = "<group>";
		};
		45474EFC236BDE6900BC9108 /* LaunchScreen.storyboard */ = {
			isa = PBXVariantGroup;
			children = (
				45474EFD236BDE6900BC9108 /* Base */,
			);
			name = LaunchScreen.storyboard;
			sourceTree = "<group>";
		};
/* End PBXVariantGroup section */

/* Begin XCBuildConfiguration section */
		45474F02236BDE6900BC9108 /* Debug */ = {
			isa = XCBuildConfiguration;
			buildSettings = {
				ALWAYS_SEARCH_USER_PATHS = NO;
				CLANG_ANALYZER_NONNULL = YES;
				CLANG_ANALYZER_NUMBER_OBJECT_CONVERSION = YES_AGGRESSIVE;
				CLANG_CXX_LANGUAGE_STANDARD = "gnu++14";
				CLANG_CXX_LIBRARY = "libc++";
				CLANG_ENABLE_MODULES = YES;
				CLANG_ENABLE_OBJC_ARC = YES;
				CLANG_ENABLE_OBJC_WEAK = YES;
				CLANG_WARN_BLOCK_CAPTURE_AUTORELEASING = YES;
				CLANG_WARN_BOOL_CONVERSION = YES;
				CLANG_WARN_COMMA = YES;
				CLANG_WARN_CONSTANT_CONVERSION = YES;
				CLANG_WARN_DEPRECATED_OBJC_IMPLEMENTATIONS = YES;
				CLANG_WARN_DIRECT_OBJC_ISA_USAGE = YES_ERROR;
				CLANG_WARN_DOCUMENTATION_COMMENTS = YES;
				CLANG_WARN_EMPTY_BODY = YES;
				CLANG_WARN_ENUM_CONVERSION = YES;
				CLANG_WARN_INFINITE_RECURSION = YES;
				CLANG_WARN_INT_CONVERSION = YES;
				CLANG_WARN_NON_LITERAL_NULL_CONVERSION = YES;
				CLANG_WARN_OBJC_IMPLICIT_RETAIN_SELF = YES;
				CLANG_WARN_OBJC_LITERAL_CONVERSION = YES;
				CLANG_WARN_OBJC_ROOT_CLASS = YES_ERROR;
				CLANG_WARN_RANGE_LOOP_ANALYSIS = YES;
				CLANG_WARN_STRICT_PROTOTYPES = YES;
				CLANG_WARN_SUSPICIOUS_MOVE = YES;
				CLANG_WARN_UNGUARDED_AVAILABILITY = YES_AGGRESSIVE;
				CLANG_WARN_UNREACHABLE_CODE = YES;
				CLANG_WARN__DUPLICATE_METHOD_MATCH = YES;
				COPY_PHASE_STRIP = NO;
				DEBUG_INFORMATION_FORMAT = dwarf;
				ENABLE_STRICT_OBJC_MSGSEND = YES;
				ENABLE_TESTABILITY = YES;
				GCC_C_LANGUAGE_STANDARD = gnu11;
				GCC_DYNAMIC_NO_PIC = NO;
				GCC_NO_COMMON_BLOCKS = YES;
				GCC_OPTIMIZATION_LEVEL = 0;
				GCC_PREPROCESSOR_DEFINITIONS = (
					"DEBUG=1",
					"$(inherited)",
				);
				GCC_WARN_64_TO_32_BIT_CONVERSION = YES;
				GCC_WARN_ABOUT_RETURN_TYPE = YES_ERROR;
				GCC_WARN_UNDECLARED_SELECTOR = YES;
				GCC_WARN_UNINITIALIZED_AUTOS = YES_AGGRESSIVE;
				GCC_WARN_UNUSED_FUNCTION = YES;
				GCC_WARN_UNUSED_VARIABLE = YES;
				IPHONEOS_DEPLOYMENT_TARGET = 13.1;
				MTL_ENABLE_DEBUG_INFO = INCLUDE_SOURCE;
				MTL_FAST_MATH = YES;
				ONLY_ACTIVE_ARCH = YES;
				SDKROOT = iphoneos;
			};
			name = Debug;
		};
		45474F03236BDE6900BC9108 /* Release */ = {
			isa = XCBuildConfiguration;
			buildSettings = {
				ALWAYS_SEARCH_USER_PATHS = NO;
				CLANG_ANALYZER_NONNULL = YES;
				CLANG_ANALYZER_NUMBER_OBJECT_CONVERSION = YES_AGGRESSIVE;
				CLANG_CXX_LANGUAGE_STANDARD = "gnu++14";
				CLANG_CXX_LIBRARY = "libc++";
				CLANG_ENABLE_MODULES = YES;
				CLANG_ENABLE_OBJC_ARC = YES;
				CLANG_ENABLE_OBJC_WEAK = YES;
				CLANG_WARN_BLOCK_CAPTURE_AUTORELEASING = YES;
				CLANG_WARN_BOOL_CONVERSION = YES;
				CLANG_WARN_COMMA = YES;
				CLANG_WARN_CONSTANT_CONVERSION = YES;
				CLANG_WARN_DEPRECATED_OBJC_IMPLEMENTATIONS = YES;
				CLANG_WARN_DIRECT_OBJC_ISA_USAGE = YES_ERROR;
				CLANG_WARN_DOCUMENTATION_COMMENTS = YES;
				CLANG_WARN_EMPTY_BODY = YES;
				CLANG_WARN_ENUM_CONVERSION = YES;
				CLANG_WARN_INFINITE_RECURSION = YES;
				CLANG_WARN_INT_CONVERSION = YES;
				CLANG_WARN_NON_LITERAL_NULL_CONVERSION = YES;
				CLANG_WARN_OBJC_IMPLICIT_RETAIN_SELF = YES;
				CLANG_WARN_OBJC_LITERAL_CONVERSION = YES;
				CLANG_WARN_OBJC_ROOT_CLASS = YES_ERROR;
				CLANG_WARN_RANGE_LOOP_ANALYSIS = YES;
				CLANG_WARN_STRICT_PROTOTYPES = YES;
				CLANG_WARN_SUSPICIOUS_MOVE = YES;
				CLANG_WARN_UNGUARDED_AVAILABILITY = YES_AGGRESSIVE;
				CLANG_WARN_UNREACHABLE_CODE = YES;
				CLANG_WARN__DUPLICATE_METHOD_MATCH = YES;
				COPY_PHASE_STRIP = NO;
				DEBUG_INFORMATION_FORMAT = "dwarf-with-dsym";
				ENABLE_NS_ASSERTIONS = NO;
				ENABLE_STRICT_OBJC_MSGSEND = YES;
				GCC_C_LANGUAGE_STANDARD = gnu11;
				GCC_NO_COMMON_BLOCKS = YES;
				GCC_WARN_64_TO_32_BIT_CONVERSION = YES;
				GCC_WARN_ABOUT_RETURN_TYPE = YES_ERROR;
				GCC_WARN_UNDECLARED_SELECTOR = YES;
				GCC_WARN_UNINITIALIZED_AUTOS = YES_AGGRESSIVE;
				GCC_WARN_UNUSED_FUNCTION = YES;
				GCC_WARN_UNUSED_VARIABLE = YES;
				IPHONEOS_DEPLOYMENT_TARGET = 13.1;
				MTL_ENABLE_DEBUG_INFO = NO;
				MTL_FAST_MATH = YES;
				SDKROOT = iphoneos;
				VALIDATE_PRODUCT = YES;
			};
			name = Release;
		};
		45474F05236BDE6900BC9108 /* Debug */ = {
			isa = XCBuildConfiguration;
			buildSettings = {
				ASSETCATALOG_COMPILER_APPICON_NAME = AppIcon;
				CODE_SIGN_STYLE = Automatic;
				DEVELOPMENT_TEAM = J3F2PST8J8;
				INFOPLIST_FILE = YQBPageScrollView/Info.plist;
				IPHONEOS_DEPLOYMENT_TARGET = 9.0;
				LD_RUNPATH_SEARCH_PATHS = (
					"$(inherited)",
					"@executable_path/Frameworks",
				);
				PRODUCT_BUNDLE_IDENTIFIER = com.yuanqibai.YQBPageScrollView;
				PRODUCT_NAME = "$(TARGET_NAME)";
				TARGETED_DEVICE_FAMILY = 1;
			};
			name = Debug;
		};
		45474F06236BDE6900BC9108 /* Release */ = {
			isa = XCBuildConfiguration;
			buildSettings = {
				ASSETCATALOG_COMPILER_APPICON_NAME = AppIcon;
				CODE_SIGN_STYLE = Automatic;
				DEVELOPMENT_TEAM = J3F2PST8J8;
				INFOPLIST_FILE = YQBPageScrollView/Info.plist;
				IPHONEOS_DEPLOYMENT_TARGET = 9.0;
				LD_RUNPATH_SEARCH_PATHS = (
					"$(inherited)",
					"@executable_path/Frameworks",
				);
				PRODUCT_BUNDLE_IDENTIFIER = com.yuanqibai.YQBPageScrollView;
				PRODUCT_NAME = "$(TARGET_NAME)";
				TARGETED_DEVICE_FAMILY = 1;
			};
			name = Release;
		};
/* End XCBuildConfiguration section */

/* Begin XCConfigurationList section */
		45474EE6236BDE6600BC9108 /* Build configuration list for PBXProject "YQBPageScrollView" */ = {
			isa = XCConfigurationList;
			buildConfigurations = (
				45474F02236BDE6900BC9108 /* Debug */,
				45474F03236BDE6900BC9108 /* Release */,
			);
			defaultConfigurationIsVisible = 0;
			defaultConfigurationName = Release;
		};
		45474F04236BDE6900BC9108 /* Build configuration list for PBXNativeTarget "YQBPageScrollView" */ = {
			isa = XCConfigurationList;
			buildConfigurations = (
				45474F05236BDE6900BC9108 /* Debug */,
				45474F06236BDE6900BC9108 /* Release */,
			);
			defaultConfigurationIsVisible = 0;
			defaultConfigurationName = Release;
		};
/* End XCConfigurationList section */
	};
	rootObject = 45474EE3236BDE6600BC9108 /* Project object */;
}
